
Microsoft Visual Studio Solution File, Format Version 12.00
# Visual Studio 15
VisualStudioVersion = 15.0.28307.421
MinimumVisualStudioVersion = 10.0.40219.1
Project("{FAE04EC0-301F-11D3-BF4B-00C04F79EFBC}") = "EfcoreAutoMapDemoConsoles", "EfcoreAutoMapDemoConsoles\EfcoreAutoMapDemoConsoles.csproj", "{268D9B87-28EB-482B-9724-6C6CD22EE797}"
EndProject
Global
	GlobalSection(SolutionConfigurationPlatforms) = preSolution
		Debug|Any CPU = Debug|Any CPU
		Release|Any CPU = Release|Any CPU
	EndGlobalSection
	GlobalSection(ProjectConfigurationPlatforms) = postSolution
		{268D9B87-28EB-482B-9724-6C6CD22EE797}.Debug|Any CPU.ActiveCfg = Debug|Any CPU
		{268D9B87-28EB-482B-9724-6C6CD22EE797}.Debug|Any CPU.Build.0 = Debug|Any CPU
		{268D9B87-28EB-482B-9724-6C6CD22EE797}.Release|Any CPU.ActiveCfg = Release|Any CPU
		{268D9B87-28EB-482B-9724-6C6CD22EE797}.Release|Any CPU.Build.0 = Release|Any CPU
	EndGlobalSection
	GlobalSection(SolutionProperties) = preSolution
		HideSolutionNode = FALSE
	EndGlobalSection
	GlobalSection(ExtensibilityGlobals) = postSolution
		SolutionGuid = {D5A5DC9D-AB80-4F74-9864-C0BDA12382E7}
	EndGlobalSection
EndGlobal
